
Microsoft Visual Studio Solution File, Format Version 12.00
# Visual Studio Version 16
VisualStudioVersion = 16.0.30002.166
MinimumVisualStudioVersion = 10.0.40219.1
Project("{9A19103F-16F7-4668-BE54-9A1E7A4F7556}") = "RoomControl.Console", "RoomControl.Console\RoomControl.Console.csproj", "{FD38A740-C38D-4395-92C1-3BF57898C02E}"
EndProject
Project("{FAE04EC0-301F-11D3-BF4B-00C04F79EFBC}") = "RoomControl.Caching", "RoomControl.Caching\RoomControl.Caching.csproj", "{FD19CA13-DE99-41B0-9BCB-430839FDF6D9}"
EndProject
Global
	GlobalSection(SolutionConfigurationPlatforms) = preSolution
		Debug|Any CPU = Debug|Any CPU
		Release|Any CPU = Release|Any CPU
	EndGlobalSection
	GlobalSection(ProjectConfigurationPlatforms) = postSolution
		{FD38A740-C38D-4395-92C1-3BF57898C02E}.Debug|Any CPU.ActiveCfg = Debug|Any CPU
		{FD38A740-C38D-4395-92C1-3BF57898C02E}.Debug|Any CPU.Build.0 = Debug|Any CPU
		{FD38A740-C38D-4395-92C1-3BF57898C02E}.Release|Any CPU.ActiveCfg = Release|Any CPU
		{FD38A740-C38D-4395-92C1-3BF57898C02E}.Release|Any CPU.Build.0 = Release|Any CPU
		{FD19CA13-DE99-41B0-9BCB-430839FDF6D9}.Debug|Any CPU.ActiveCfg = Debug|Any CPU
		{FD19CA13-DE99-41B0-9BCB-430839FDF6D9}.Debug|Any CPU.Build.0 = Debug|Any CPU
		{FD19CA13-DE99-41B0-9BCB-430839FDF6D9}.Release|Any CPU.ActiveCfg = Release|Any CPU
		{FD19CA13-DE99-41B0-9BCB-430839FDF6D9}.Release|Any CPU.Build.0 = Release|Any CPU
	EndGlobalSection
	GlobalSection(SolutionProperties) = preSolution
		HideSolutionNode = FALSE
	EndGlobalSection
	GlobalSection(ExtensibilityGlobals) = postSolution
		SolutionGuid = {E2A484BC-086D-49F9-A104-3A096C50AE5A}
	EndGlobalSection
EndGlobal
