
Microsoft Visual Studio Solution File, Format Version 12.00
# Visual Studio Version 16
VisualStudioVersion = 16.0.30002.166
MinimumVisualStudioVersion = 10.0.40219.1
Project("{FAE04EC0-301F-11D3-BF4B-00C04F79EFBC}") = "WelcomeHome.Console", "WelcomeHome.Console\WelcomeHome.Console.csproj", "{5470D8FE-64BB-4FFF-9693-BF8F1BF67959}"
EndProject
Global
	GlobalSection(SolutionConfigurationPlatforms) = preSolution
		Debug|Any CPU = Debug|Any CPU
		Release|Any CPU = Release|Any CPU
	EndGlobalSection
	GlobalSection(ProjectConfigurationPlatforms) = postSolution
		{5470D8FE-64BB-4FFF-9693-BF8F1BF67959}.Debug|Any CPU.ActiveCfg = Debug|Any CPU
		{5470D8FE-64BB-4FFF-9693-BF8F1BF67959}.Debug|Any CPU.Build.0 = Debug|Any CPU
		{5470D8FE-64BB-4FFF-9693-BF8F1BF67959}.Release|Any CPU.ActiveCfg = Release|Any CPU
		{5470D8FE-64BB-4FFF-9693-BF8F1BF67959}.Release|Any CPU.Build.0 = Release|Any CPU
	EndGlobalSection
	GlobalSection(SolutionProperties) = preSolution
		HideSolutionNode = FALSE
	EndGlobalSection
	GlobalSection(ExtensibilityGlobals) = postSolution
		SolutionGuid = {E2A484BC-086D-49F9-A104-3A096C50AE5A}
	EndGlobalSection
EndGlobal
